// !$*UTF8*$!
{
	archiveVersion = 1;
	classes = {
	};
	objectVersion = 55;
	objects = {

/* Begin PBXBuildFile section */
		236BB1FC27EBD99300B0BE6C /* Assets.xcassets in Resources */ = {isa = PBXBuildFile; fileRef = 236BB1FB27EBD99300B0BE6C /* Assets.xcassets */; };
		236BB20727EBDA3900B0BE6C /* AppDelegate.swift in Sources */ = {isa = PBXBuildFile; fileRef = 236BB20627EBDA3900B0BE6C /* AppDelegate.swift */; };
		236BB20F27EBE6CA00B0BE6C /* BaseViewController.swift in Sources */ = {isa = PBXBuildFile; fileRef = 236BB20E27EBE6CA00B0BE6C /* BaseViewController.swift */; };
		236BB21527EBE6FD00B0BE6C /* UIView+Extensions.swift in Sources */ = {isa = PBXBuildFile; fileRef = 236BB21227EBE6FD00B0BE6C /* UIView+Extensions.swift */; };
		236BB21627EBE6FD00B0BE6C /* String+Extensions.swift in Sources */ = {isa = PBXBuildFile; fileRef = 236BB21327EBE6FD00B0BE6C /* String+Extensions.swift */; };
		236BB21727EBE6FD00B0BE6C /* UITableView+Extensions.swift in Sources */ = {isa = PBXBuildFile; fileRef = 236BB21427EBE6FD00B0BE6C /* UITableView+Extensions.swift */; };
		236BB22827EBE77500B0BE6C /* SearchProductViewModel.swift in Sources */ = {isa = PBXBuildFile; fileRef = 236BB21A27EBE77500B0BE6C /* SearchProductViewModel.swift */; };
		236BB22A27EBE77500B0BE6C /* SearchProductDataSource.swift in Sources */ = {isa = PBXBuildFile; fileRef = 236BB21D27EBE77500B0BE6C /* SearchProductDataSource.swift */; };
		236BB22B27EBE77500B0BE6C /* SearchProductViewController.swift in Sources */ = {isa = PBXBuildFile; fileRef = 236BB21E27EBE77500B0BE6C /* SearchProductViewController.swift */; };
		236BB22D27EBE77500B0BE6C /* SearchProductView.swift in Sources */ = {isa = PBXBuildFile; fileRef = 236BB22027EBE77500B0BE6C /* SearchProductView.swift */; };
		236BB22E27EBE77500B0BE6C /* SearchProductRepository.swift in Sources */ = {isa = PBXBuildFile; fileRef = 236BB22227EBE77500B0BE6C /* SearchProductRepository.swift */; };
		236BB22F27EBE77500B0BE6C /* SearchProductRestApi.swift in Sources */ = {isa = PBXBuildFile; fileRef = 236BB22327EBE77500B0BE6C /* SearchProductRestApi.swift */; };
		236BB23027EBE77500B0BE6C /* Indicator.swift in Sources */ = {isa = PBXBuildFile; fileRef = 236BB22627EBE77500B0BE6C /* Indicator.swift */; };
		236BB23127EBE77500B0BE6C /* IndicatorList.swift in Sources */ = {isa = PBXBuildFile; fileRef = 236BB22727EBE77500B0BE6C /* IndicatorList.swift */; };
		236BB23727EBEE4500B0BE6C /* SearchCell.swift in Sources */ = {isa = PBXBuildFile; fileRef = 236BB23627EBEE4500B0BE6C /* SearchCell.swift */; };
		236BB23B27EBEF7400B0BE6C /* PaddingTextField.swift in Sources */ = {isa = PBXBuildFile; fileRef = 236BB23A27EBEF7400B0BE6C /* PaddingTextField.swift */; };
		236BB23E27EBF0D100B0BE6C /* .swiftlint.yml in Resources */ = {isa = PBXBuildFile; fileRef = 236BB23C27EBF0D100B0BE6C /* .swiftlint.yml */; };
		236BB23F27EBF0D100B0BE6C /* .swift-version in Resources */ = {isa = PBXBuildFile; fileRef = 236BB23D27EBF0D100B0BE6C /* .swift-version */; };
		236BB24427ED190A00B0BE6C /* UIColor+Extensions.swift in Sources */ = {isa = PBXBuildFile; fileRef = 236BB24327ED190A00B0BE6C /* UIColor+Extensions.swift */; };
		236BB24627ED23BD00B0BE6C /* SearchProductCellType.swift in Sources */ = {isa = PBXBuildFile; fileRef = 236BB24527ED23BD00B0BE6C /* SearchProductCellType.swift */; };
		236BB24927ED264700B0BE6C /* PrimaryButton.swift in Sources */ = {isa = PBXBuildFile; fileRef = 236BB24827ED264700B0BE6C /* PrimaryButton.swift */; };
		E123666C8C61479BB59E26B3 /* libPods-MEC.a in Frameworks */ = {isa = PBXBuildFile; fileRef = E129ABB8FD002F1559FFEA4F /* libPods-MEC.a */; };
/* End PBXBuildFile section */

/* Begin PBXFileReference section */
		086CDF93B4FB066067F9FE6F /* Pods-MEC.release.xcconfig */ = {isa = PBXFileReference; includeInIndex = 1; lastKnownFileType = text.xcconfig; name = "Pods-MEC.release.xcconfig"; path = "Target Support Files/Pods-MEC/Pods-MEC.release.xcconfig"; sourceTree = "<group>"; };
		236BB1EF27EBD99200B0BE6C /* MEC.app */ = {isa = PBXFileReference; explicitFileType = wrapper.application; includeInIndex = 0; path = MEC.app; sourceTree = BUILT_PRODUCTS_DIR; };
		236BB1FB27EBD99300B0BE6C /* Assets.xcassets */ = {isa = PBXFileReference; lastKnownFileType = folder.assetcatalog; path = Assets.xcassets; sourceTree = "<group>"; };
		236BB20027EBD99300B0BE6C /* Info.plist */ = {isa = PBXFileReference; lastKnownFileType = text.plist.xml; path = Info.plist; sourceTree = "<group>"; };
		236BB20627EBDA3900B0BE6C /* AppDelegate.swift */ = {isa = PBXFileReference; fileEncoding = 4; lastKnownFileType = sourcecode.swift; path = AppDelegate.swift; sourceTree = "<group>"; };
		236BB20E27EBE6CA00B0BE6C /* BaseViewController.swift */ = {isa = PBXFileReference; fileEncoding = 4; lastKnownFileType = sourcecode.swift; path = BaseViewController.swift; sourceTree = "<group>"; };
		236BB21227EBE6FD00B0BE6C /* UIView+Extensions.swift */ = {isa = PBXFileReference; fileEncoding = 4; lastKnownFileType = sourcecode.swift; path = "UIView+Extensions.swift"; sourceTree = "<group>"; };
		236BB21327EBE6FD00B0BE6C /* String+Extensions.swift */ = {isa = PBXFileReference; fileEncoding = 4; lastKnownFileType = sourcecode.swift; path = "String+Extensions.swift"; sourceTree = "<group>"; };
		236BB21427EBE6FD00B0BE6C /* UITableView+Extensions.swift */ = {isa = PBXFileReference; fileEncoding = 4; lastKnownFileType = sourcecode.swift; path = "UITableView+Extensions.swift"; sourceTree = "<group>"; };
		236BB21A27EBE77500B0BE6C /* SearchProductViewModel.swift */ = {isa = PBXFileReference; fileEncoding = 4; lastKnownFileType = sourcecode.swift; path = SearchProductViewModel.swift; sourceTree = "<group>"; };
		236BB21D27EBE77500B0BE6C /* SearchProductDataSource.swift */ = {isa = PBXFileReference; fileEncoding = 4; lastKnownFileType = sourcecode.swift; path = SearchProductDataSource.swift; sourceTree = "<group>"; };
		236BB21E27EBE77500B0BE6C /* SearchProductViewController.swift */ = {isa = PBXFileReference; fileEncoding = 4; lastKnownFileType = sourcecode.swift; path = SearchProductViewController.swift; sourceTree = "<group>"; };
		236BB22027EBE77500B0BE6C /* SearchProductView.swift */ = {isa = PBXFileReference; fileEncoding = 4; lastKnownFileType = sourcecode.swift; path = SearchProductView.swift; sourceTree = "<group>"; };
		236BB22227EBE77500B0BE6C /* SearchProductRepository.swift */ = {isa = PBXFileReference; fileEncoding = 4; lastKnownFileType = sourcecode.swift; path = SearchProductRepository.swift; sourceTree = "<group>"; };
		236BB22327EBE77500B0BE6C /* SearchProductRestApi.swift */ = {isa = PBXFileReference; fileEncoding = 4; lastKnownFileType = sourcecode.swift; path = SearchProductRestApi.swift; sourceTree = "<group>"; };
		236BB22627EBE77500B0BE6C /* Indicator.swift */ = {isa = PBXFileReference; fileEncoding = 4; lastKnownFileType = sourcecode.swift; path = Indicator.swift; sourceTree = "<group>"; };
		236BB22727EBE77500B0BE6C /* IndicatorList.swift */ = {isa = PBXFileReference; fileEncoding = 4; lastKnownFileType = sourcecode.swift; path = IndicatorList.swift; sourceTree = "<group>"; };
		236BB23627EBEE4500B0BE6C /* SearchCell.swift */ = {isa = PBXFileReference; lastKnownFileType = sourcecode.swift; path = SearchCell.swift; sourceTree = "<group>"; };
		236BB23A27EBEF7400B0BE6C /* PaddingTextField.swift */ = {isa = PBXFileReference; fileEncoding = 4; lastKnownFileType = sourcecode.swift; path = PaddingTextField.swift; sourceTree = "<group>"; };
		236BB23C27EBF0D100B0BE6C /* .swiftlint.yml */ = {isa = PBXFileReference; fileEncoding = 4; lastKnownFileType = text.yaml; path = .swiftlint.yml; sourceTree = "<group>"; };
		236BB23D27EBF0D100B0BE6C /* .swift-version */ = {isa = PBXFileReference; fileEncoding = 4; lastKnownFileType = text; path = ".swift-version"; sourceTree = "<group>"; };
		236BB24327ED190A00B0BE6C /* UIColor+Extensions.swift */ = {isa = PBXFileReference; lastKnownFileType = sourcecode.swift; path = "UIColor+Extensions.swift"; sourceTree = "<group>"; };
		236BB24527ED23BD00B0BE6C /* SearchProductCellType.swift */ = {isa = PBXFileReference; lastKnownFileType = sourcecode.swift; path = SearchProductCellType.swift; sourceTree = "<group>"; };
		236BB24827ED264700B0BE6C /* PrimaryButton.swift */ = {isa = PBXFileReference; lastKnownFileType = sourcecode.swift; path = PrimaryButton.swift; sourceTree = "<group>"; };
		A1D0479B32BE93D0A24BE077 /* Pods-MEC.debug.xcconfig */ = {isa = PBXFileReference; includeInIndex = 1; lastKnownFileType = text.xcconfig; name = "Pods-MEC.debug.xcconfig"; path = "Target Support Files/Pods-MEC/Pods-MEC.debug.xcconfig"; sourceTree = "<group>"; };
		E129ABB8FD002F1559FFEA4F /* libPods-MEC.a */ = {isa = PBXFileReference; explicitFileType = archive.ar; includeInIndex = 0; path = "libPods-MEC.a"; sourceTree = BUILT_PRODUCTS_DIR; };
/* End PBXFileReference section */

/* Begin PBXFrameworksBuildPhase section */
		236BB1EC27EBD99200B0BE6C /* Frameworks */ = {
			isa = PBXFrameworksBuildPhase;
			buildActionMask = 2147483647;
			files = (
				E123666C8C61479BB59E26B3 /* libPods-MEC.a in Frameworks */,
			);
			runOnlyForDeploymentPostprocessing = 0;
		};
/* End PBXFrameworksBuildPhase section */

/* Begin PBXGroup section */
		236BB1E627EBD99200B0BE6C = {
			isa = PBXGroup;
			children = (
				236BB23D27EBF0D100B0BE6C /* .swift-version */,
				236BB23C27EBF0D100B0BE6C /* .swiftlint.yml */,
				236BB1F127EBD99200B0BE6C /* MEC */,
				236BB1F027EBD99200B0BE6C /* Products */,
				8A2D2AAF62A561885E9B8ECA /* Pods */,
				E1D3CC634190630F1A0962A1 /* Frameworks */,
			);
			sourceTree = "<group>";
		};
		236BB1F027EBD99200B0BE6C /* Products */ = {
			isa = PBXGroup;
			children = (
				236BB1EF27EBD99200B0BE6C /* MEC.app */,
			);
			name = Products;
			sourceTree = "<group>";
		};
		236BB1F127EBD99200B0BE6C /* MEC */ = {
			isa = PBXGroup;
			children = (
				236BB23227EBEDC300B0BE6C /* Components */,
				236BB21027EBE6FD00B0BE6C /* Resources */,
				236BB20D27EBE6CA00B0BE6C /* Bases */,
				236BB21827EBE77500B0BE6C /* ProductSearch */,
				236BB20627EBDA3900B0BE6C /* AppDelegate.swift */,
				236BB1FB27EBD99300B0BE6C /* Assets.xcassets */,
				236BB20027EBD99300B0BE6C /* Info.plist */,
			);
			path = MEC;
			sourceTree = "<group>";
		};
		236BB20D27EBE6CA00B0BE6C /* Bases */ = {
			isa = PBXGroup;
			children = (
				236BB20E27EBE6CA00B0BE6C /* BaseViewController.swift */,
			);
			path = Bases;
			sourceTree = "<group>";
		};
		236BB21027EBE6FD00B0BE6C /* Resources */ = {
			isa = PBXGroup;
			children = (
				236BB21127EBE6FD00B0BE6C /* Extensions */,
			);
			path = Resources;
			sourceTree = "<group>";
		};
		236BB21127EBE6FD00B0BE6C /* Extensions */ = {
			isa = PBXGroup;
			children = (
				236BB21227EBE6FD00B0BE6C /* UIView+Extensions.swift */,
				236BB21327EBE6FD00B0BE6C /* String+Extensions.swift */,
				236BB21427EBE6FD00B0BE6C /* UITableView+Extensions.swift */,
				236BB24327ED190A00B0BE6C /* UIColor+Extensions.swift */,
			);
			path = Extensions;
			sourceTree = "<group>";
		};
		236BB21827EBE77500B0BE6C /* ProductSearch */ = {
			isa = PBXGroup;
			children = (
				236BB21927EBE77500B0BE6C /* View */,
				236BB22127EBE77500B0BE6C /* Data */,
				236BB22427EBE77500B0BE6C /* Domain */,
			);
			path = ProductSearch;
			sourceTree = "<group>";
		};
		236BB21927EBE77500B0BE6C /* View */ = {
			isa = PBXGroup;
			children = (
				236BB21A27EBE77500B0BE6C /* SearchProductViewModel.swift */,
				236BB21B27EBE77500B0BE6C /* Cells */,
				236BB21D27EBE77500B0BE6C /* SearchProductDataSource.swift */,
				236BB21E27EBE77500B0BE6C /* SearchProductViewController.swift */,
				236BB22027EBE77500B0BE6C /* SearchProductView.swift */,
			);
			path = View;
			sourceTree = "<group>";
		};
		236BB21B27EBE77500B0BE6C /* Cells */ = {
			isa = PBXGroup;
			children = (
				236BB24527ED23BD00B0BE6C /* SearchProductCellType.swift */,
			);
			path = Cells;
			sourceTree = "<group>";
		};
		236BB22127EBE77500B0BE6C /* Data */ = {
			isa = PBXGroup;
			children = (
				236BB22227EBE77500B0BE6C /* SearchProductRepository.swift */,
				236BB22327EBE77500B0BE6C /* SearchProductRestApi.swift */,
			);
			path = Data;
			sourceTree = "<group>";
		};
		236BB22427EBE77500B0BE6C /* Domain */ = {
			isa = PBXGroup;
			children = (
				236BB22527EBE77500B0BE6C /* Models */,
			);
			path = Domain;
			sourceTree = "<group>";
		};
		236BB22527EBE77500B0BE6C /* Models */ = {
			isa = PBXGroup;
			children = (
				236BB22627EBE77500B0BE6C /* Indicator.swift */,
				236BB22727EBE77500B0BE6C /* IndicatorList.swift */,
			);
			path = Models;
			sourceTree = "<group>";
		};
		236BB23227EBEDC300B0BE6C /* Components */ = {
			isa = PBXGroup;
			children = (
				236BB23327EBEDD000B0BE6C /* UI */,
			);
			path = Components;
			sourceTree = "<group>";
		};
		236BB23327EBEDD000B0BE6C /* UI */ = {
			isa = PBXGroup;
			children = (
				236BB24727ED262F00B0BE6C /* Button */,
				236BB23827EBEF2F00B0BE6C /* TextFields */,
				236BB23427EBEDDF00B0BE6C /* Cells */,
			);
			path = UI;
			sourceTree = "<group>";
		};
		236BB23427EBEDDF00B0BE6C /* Cells */ = {
			isa = PBXGroup;
			children = (
				236BB23527EBEDF400B0BE6C /* SearchCell */,
			);
			path = Cells;
			sourceTree = "<group>";
		};
		236BB23527EBEDF400B0BE6C /* SearchCell */ = {
			isa = PBXGroup;
			children = (
				236BB23627EBEE4500B0BE6C /* SearchCell.swift */,
			);
			path = SearchCell;
			sourceTree = "<group>";
		};
		236BB23827EBEF2F00B0BE6C /* TextFields */ = {
			isa = PBXGroup;
			children = (
				236BB23927EBEF4600B0BE6C /* PaddingTextField */,
			);
			path = TextFields;
			sourceTree = "<group>";
		};
		236BB23927EBEF4600B0BE6C /* PaddingTextField */ = {
			isa = PBXGroup;
			children = (
				236BB23A27EBEF7400B0BE6C /* PaddingTextField.swift */,
			);
			path = PaddingTextField;
			sourceTree = "<group>";
		};
		236BB24727ED262F00B0BE6C /* Button */ = {
			isa = PBXGroup;
			children = (
				236BB24827ED264700B0BE6C /* PrimaryButton.swift */,
			);
			path = Button;
			sourceTree = "<group>";
		};
		8A2D2AAF62A561885E9B8ECA /* Pods */ = {
			isa = PBXGroup;
			children = (
				A1D0479B32BE93D0A24BE077 /* Pods-MEC.debug.xcconfig */,
				086CDF93B4FB066067F9FE6F /* Pods-MEC.release.xcconfig */,
			);
			path = Pods;
			sourceTree = "<group>";
		};
		E1D3CC634190630F1A0962A1 /* Frameworks */ = {
			isa = PBXGroup;
			children = (
				E129ABB8FD002F1559FFEA4F /* libPods-MEC.a */,
			);
			name = Frameworks;
			sourceTree = "<group>";
		};
/* End PBXGroup section */

/* Begin PBXNativeTarget section */
		236BB1EE27EBD99200B0BE6C /* MEC */ = {
			isa = PBXNativeTarget;
			buildConfigurationList = 236BB20327EBD99300B0BE6C /* Build configuration list for PBXNativeTarget "MEC" */;
			buildPhases = (
				F4FF4F690F4F36EE9B74CE27 /* [CP] Check Pods Manifest.lock */,
				236BB1EB27EBD99200B0BE6C /* Sources */,
				236BB1EC27EBD99200B0BE6C /* Frameworks */,
				236BB1ED27EBD99200B0BE6C /* Resources */,
				236BB20A27EBDFC100B0BE6C /* SwiftFormat */,
				236BB20B27EBDFCA00B0BE6C /* SwiftLint */,
			);
			buildRules = (
			);
			dependencies = (
			);
			name = MEC;
			productName = MEC;
			productReference = 236BB1EF27EBD99200B0BE6C /* MEC.app */;
			productType = "com.apple.product-type.application";
		};
/* End PBXNativeTarget section */

/* Begin PBXProject section */
		236BB1E727EBD99200B0BE6C /* Project object */ = {
			isa = PBXProject;
			attributes = {
				BuildIndependentTargetsInParallel = 1;
				LastSwiftUpdateCheck = 1310;
				LastUpgradeCheck = 1310;
				TargetAttributes = {
					236BB1EE27EBD99200B0BE6C = {
						CreatedOnToolsVersion = 13.1;
					};
				};
			};
			buildConfigurationList = 236BB1EA27EBD99200B0BE6C /* Build configuration list for PBXProject "MEC" */;
			compatibilityVersion = "Xcode 13.0";
			developmentRegion = en;
			hasScannedForEncodings = 0;
			knownRegions = (
				en,
				Base,
			);
			mainGroup = 236BB1E627EBD99200B0BE6C;
			productRefGroup = 236BB1F027EBD99200B0BE6C /* Products */;
			projectDirPath = "";
			projectRoot = "";
			targets = (
				236BB1EE27EBD99200B0BE6C /* MEC */,
			);
		};
/* End PBXProject section */

/* Begin PBXResourcesBuildPhase section */
		236BB1ED27EBD99200B0BE6C /* Resources */ = {
			isa = PBXResourcesBuildPhase;
			buildActionMask = 2147483647;
			files = (
				236BB23E27EBF0D100B0BE6C /* .swiftlint.yml in Resources */,
				236BB23F27EBF0D100B0BE6C /* .swift-version in Resources */,
				236BB1FC27EBD99300B0BE6C /* Assets.xcassets in Resources */,
			);
			runOnlyForDeploymentPostprocessing = 0;
		};
/* End PBXResourcesBuildPhase section */

/* Begin PBXShellScriptBuildPhase section */
		236BB20A27EBDFC100B0BE6C /* SwiftFormat */ = {
			isa = PBXShellScriptBuildPhase;
			buildActionMask = 2147483647;
			files = (
			);
			inputFileListPaths = (
			);
			inputPaths = (
			);
			name = SwiftFormat;
			outputFileListPaths = (
			);
			outputPaths = (
			);
			runOnlyForDeploymentPostprocessing = 0;
			shellPath = /bin/sh;
			shellScript = "\"${PODS_ROOT}/SwiftFormat/CommandLineTool/swiftformat\" \"$SRCROOT\"\n";
		};
		236BB20B27EBDFCA00B0BE6C /* SwiftLint */ = {
			isa = PBXShellScriptBuildPhase;
			buildActionMask = 2147483647;
			files = (
			);
			inputFileListPaths = (
			);
			inputPaths = (
			);
			name = SwiftLint;
			outputFileListPaths = (
			);
			outputPaths = (
			);
			runOnlyForDeploymentPostprocessing = 0;
			shellPath = /bin/sh;
			shellScript = "\"${PODS_ROOT}/SwiftLint/swiftlint\" \"MEC/\"\n";
		};
		F4FF4F690F4F36EE9B74CE27 /* [CP] Check Pods Manifest.lock */ = {
			isa = PBXShellScriptBuildPhase;
			buildActionMask = 2147483647;
			files = (
			);
			inputFileListPaths = (
			);
			inputPaths = (
				"${PODS_PODFILE_DIR_PATH}/Podfile.lock",
				"${PODS_ROOT}/Manifest.lock",
			);
			name = "[CP] Check Pods Manifest.lock";
			outputFileListPaths = (
			);
			outputPaths = (
				"$(DERIVED_FILE_DIR)/Pods-MEC-checkManifestLockResult.txt",
			);
			runOnlyForDeploymentPostprocessing = 0;
			shellPath = /bin/sh;
			shellScript = "diff \"${PODS_PODFILE_DIR_PATH}/Podfile.lock\" \"${PODS_ROOT}/Manifest.lock\" > /dev/null\nif [ $? != 0 ] ; then\n    # print error to STDERR\n    echo \"error: The sandbox is not in sync with the Podfile.lock. Run 'pod install' or update your CocoaPods installation.\" >&2\n    exit 1\nfi\n# This output is used by Xcode 'outputs' to avoid re-running this script phase.\necho \"SUCCESS\" > \"${SCRIPT_OUTPUT_FILE_0}\"\n";
			showEnvVarsInLog = 0;
		};
/* End PBXShellScriptBuildPhase section */

/* Begin PBXSourcesBuildPhase section */
		236BB1EB27EBD99200B0BE6C /* Sources */ = {
			isa = PBXSourcesBuildPhase;
			buildActionMask = 2147483647;
			files = (
				236BB24627ED23BD00B0BE6C /* SearchProductCellType.swift in Sources */,
				236BB23B27EBEF7400B0BE6C /* PaddingTextField.swift in Sources */,
				236BB24927ED264700B0BE6C /* PrimaryButton.swift in Sources */,
				236BB21627EBE6FD00B0BE6C /* String+Extensions.swift in Sources */,
				236BB22F27EBE77500B0BE6C /* SearchProductRestApi.swift in Sources */,
				236BB20727EBDA3900B0BE6C /* AppDelegate.swift in Sources */,
				236BB22B27EBE77500B0BE6C /* SearchProductViewController.swift in Sources */,
				236BB24427ED190A00B0BE6C /* UIColor+Extensions.swift in Sources */,
				236BB23127EBE77500B0BE6C /* IndicatorList.swift in Sources */,
				236BB22D27EBE77500B0BE6C /* SearchProductView.swift in Sources */,
				236BB21727EBE6FD00B0BE6C /* UITableView+Extensions.swift in Sources */,
				236BB22E27EBE77500B0BE6C /* SearchProductRepository.swift in Sources */,
				236BB22A27EBE77500B0BE6C /* SearchProductDataSource.swift in Sources */,
				236BB21527EBE6FD00B0BE6C /* UIView+Extensions.swift in Sources */,
				236BB23727EBEE4500B0BE6C /* SearchCell.swift in Sources */,
				236BB20F27EBE6CA00B0BE6C /* BaseViewController.swift in Sources */,
				236BB23027EBE77500B0BE6C /* Indicator.swift in Sources */,
				236BB22827EBE77500B0BE6C /* SearchProductViewModel.swift in Sources */,
			);
			runOnlyForDeploymentPostprocessing = 0;
		};
/* End PBXSourcesBuildPhase section */

/* Begin XCBuildConfiguration section */
		236BB20127EBD99300B0BE6C /* Debug */ = {
			isa = XCBuildConfiguration;
			buildSettings = {
				ALWAYS_SEARCH_USER_PATHS = NO;
				CLANG_ANALYZER_NONNULL = YES;
				CLANG_ANALYZER_NUMBER_OBJECT_CONVERSION = YES_AGGRESSIVE;
				CLANG_CXX_LANGUAGE_STANDARD = "gnu++17";
				CLANG_CXX_LIBRARY = "libc++";
				CLANG_ENABLE_MODULES = YES;
				CLANG_ENABLE_OBJC_ARC = YES;
				CLANG_ENABLE_OBJC_WEAK = YES;
				CLANG_WARN_BLOCK_CAPTURE_AUTORELEASING = YES;
				CLANG_WARN_BOOL_CONVERSION = YES;
				CLANG_WARN_COMMA = YES;
				CLANG_WARN_CONSTANT_CONVERSION = YES;
				CLANG_WARN_DEPRECATED_OBJC_IMPLEMENTATIONS = YES;
				CLANG_WARN_DIRECT_OBJC_ISA_USAGE = YES_ERROR;
				CLANG_WARN_DOCUMENTATION_COMMENTS = YES;
				CLANG_WARN_EMPTY_BODY = YES;
				CLANG_WARN_ENUM_CONVERSION = YES;
				CLANG_WARN_INFINITE_RECURSION = YES;
				CLANG_WARN_INT_CONVERSION = YES;
				CLANG_WARN_NON_LITERAL_NULL_CONVERSION = YES;
				CLANG_WARN_OBJC_IMPLICIT_RETAIN_SELF = YES;
				CLANG_WARN_OBJC_LITERAL_CONVERSION = YES;
				CLANG_WARN_OBJC_ROOT_CLASS = YES_ERROR;
				CLANG_WARN_QUOTED_INCLUDE_IN_FRAMEWORK_HEADER = YES;
				CLANG_WARN_RANGE_LOOP_ANALYSIS = YES;
				CLANG_WARN_STRICT_PROTOTYPES = YES;
				CLANG_WARN_SUSPICIOUS_MOVE = YES;
				CLANG_WARN_UNGUARDED_AVAILABILITY = YES_AGGRESSIVE;
				CLANG_WARN_UNREACHABLE_CODE = YES;
				CLANG_WARN__DUPLICATE_METHOD_MATCH = YES;
				COPY_PHASE_STRIP = NO;
				DEBUG_INFORMATION_FORMAT = dwarf;
				ENABLE_STRICT_OBJC_MSGSEND = YES;
				ENABLE_TESTABILITY = YES;
				GCC_C_LANGUAGE_STANDARD = gnu11;
				GCC_DYNAMIC_NO_PIC = NO;
				GCC_NO_COMMON_BLOCKS = YES;
				GCC_OPTIMIZATION_LEVEL = 0;
				GCC_PREPROCESSOR_DEFINITIONS = (
					"DEBUG=1",
					"$(inherited)",
				);
				GCC_WARN_64_TO_32_BIT_CONVERSION = YES;
				GCC_WARN_ABOUT_RETURN_TYPE = YES_ERROR;
				GCC_WARN_UNDECLARED_SELECTOR = YES;
				GCC_WARN_UNINITIALIZED_AUTOS = YES_AGGRESSIVE;
				GCC_WARN_UNUSED_FUNCTION = YES;
				GCC_WARN_UNUSED_VARIABLE = YES;
				IPHONEOS_DEPLOYMENT_TARGET = 15.0;
				MTL_ENABLE_DEBUG_INFO = INCLUDE_SOURCE;
				MTL_FAST_MATH = YES;
				ONLY_ACTIVE_ARCH = YES;
				SDKROOT = iphoneos;
				SWIFT_ACTIVE_COMPILATION_CONDITIONS = DEBUG;
				SWIFT_OPTIMIZATION_LEVEL = "-Onone";
			};
			name = Debug;
		};
		236BB20227EBD99300B0BE6C /* Release */ = {
			isa = XCBuildConfiguration;
			buildSettings = {
				ALWAYS_SEARCH_USER_PATHS = NO;
				CLANG_ANALYZER_NONNULL = YES;
				CLANG_ANALYZER_NUMBER_OBJECT_CONVERSION = YES_AGGRESSIVE;
				CLANG_CXX_LANGUAGE_STANDARD = "gnu++17";
				CLANG_CXX_LIBRARY = "libc++";
				CLANG_ENABLE_MODULES = YES;
				CLANG_ENABLE_OBJC_ARC = YES;
				CLANG_ENABLE_OBJC_WEAK = YES;
				CLANG_WARN_BLOCK_CAPTURE_AUTORELEASING = YES;
				CLANG_WARN_BOOL_CONVERSION = YES;
				CLANG_WARN_COMMA = YES;
				CLANG_WARN_CONSTANT_CONVERSION = YES;
				CLANG_WARN_DEPRECATED_OBJC_IMPLEMENTATIONS = YES;
				CLANG_WARN_DIRECT_OBJC_ISA_USAGE = YES_ERROR;
				CLANG_WARN_DOCUMENTATION_COMMENTS = YES;
				CLANG_WARN_EMPTY_BODY = YES;
				CLANG_WARN_ENUM_CONVERSION = YES;
				CLANG_WARN_INFINITE_RECURSION = YES;
				CLANG_WARN_INT_CONVERSION = YES;
				CLANG_WARN_NON_LITERAL_NULL_CONVERSION = YES;
				CLANG_WARN_OBJC_IMPLICIT_RETAIN_SELF = YES;
				CLANG_WARN_OBJC_LITERAL_CONVERSION = YES;
				CLANG_WARN_OBJC_ROOT_CLASS = YES_ERROR;
				CLANG_WARN_QUOTED_INCLUDE_IN_FRAMEWORK_HEADER = YES;
				CLANG_WARN_RANGE_LOOP_ANALYSIS = YES;
				CLANG_WARN_STRICT_PROTOTYPES = YES;
				CLANG_WARN_SUSPICIOUS_MOVE = YES;
				CLANG_WARN_UNGUARDED_AVAILABILITY = YES_AGGRESSIVE;
				CLANG_WARN_UNREACHABLE_CODE = YES;
				CLANG_WARN__DUPLICATE_METHOD_MATCH = YES;
				COPY_PHASE_STRIP = NO;
				DEBUG_INFORMATION_FORMAT = "dwarf-with-dsym";
				ENABLE_NS_ASSERTIONS = NO;
				ENABLE_STRICT_OBJC_MSGSEND = YES;
				GCC_C_LANGUAGE_STANDARD = gnu11;
				GCC_NO_COMMON_BLOCKS = YES;
				GCC_WARN_64_TO_32_BIT_CONVERSION = YES;
				GCC_WARN_ABOUT_RETURN_TYPE = YES_ERROR;
				GCC_WARN_UNDECLARED_SELECTOR = YES;
				GCC_WARN_UNINITIALIZED_AUTOS = YES_AGGRESSIVE;
				GCC_WARN_UNUSED_FUNCTION = YES;
				GCC_WARN_UNUSED_VARIABLE = YES;
				IPHONEOS_DEPLOYMENT_TARGET = 15.0;
				MTL_ENABLE_DEBUG_INFO = NO;
				MTL_FAST_MATH = YES;
				SDKROOT = iphoneos;
				SWIFT_COMPILATION_MODE = wholemodule;
				SWIFT_OPTIMIZATION_LEVEL = "-O";
				VALIDATE_PRODUCT = YES;
			};
			name = Release;
		};
		236BB20427EBD99300B0BE6C /* Debug */ = {
			isa = XCBuildConfiguration;
			baseConfigurationReference = A1D0479B32BE93D0A24BE077 /* Pods-MEC.debug.xcconfig */;
			buildSettings = {
				ASSETCATALOG_COMPILER_APPICON_NAME = AppIcon;
				ASSETCATALOG_COMPILER_GLOBAL_ACCENT_COLOR_NAME = AccentColor;
				CODE_SIGN_STYLE = Automatic;
				CURRENT_PROJECT_VERSION = 1;
				DEVELOPMENT_TEAM = MH5QG79T87;
				GENERATE_INFOPLIST_FILE = YES;
				INFOPLIST_FILE = MEC/Info.plist;
				INFOPLIST_KEY_CFBundleDisplayName = Challenge;
				INFOPLIST_KEY_UIApplicationSupportsIndirectInputEvents = YES;
				INFOPLIST_KEY_UISupportedInterfaceOrientations_iPad = "UIInterfaceOrientationPortrait UIInterfaceOrientationPortraitUpsideDown UIInterfaceOrientationLandscapeLeft UIInterfaceOrientationLandscapeRight";
				INFOPLIST_KEY_UISupportedInterfaceOrientations_iPhone = "UIInterfaceOrientationPortrait UIInterfaceOrientationLandscapeLeft UIInterfaceOrientationLandscapeRight";
				LD_RUNPATH_SEARCH_PATHS = (
					"$(inherited)",
					"@executable_path/Frameworks",
				);
				MARKETING_VERSION = 1.0;
				PRODUCT_BUNDLE_IDENTIFIER = boris.mendoza.MEC;
				PRODUCT_NAME = "$(TARGET_NAME)";
				SWIFT_EMIT_LOC_STRINGS = YES;
				SWIFT_VERSION = 5.0;
				TARGETED_DEVICE_FAMILY = "1,2";
			};
			name = Debug;
		};
		236BB20527EBD99300B0BE6C /* Release */ = {
			isa = XCBuildConfiguration;
			baseConfigurationReference = 086CDF93B4FB066067F9FE6F /* Pods-MEC.release.xcconfig */;
			buildSettings = {
				ASSETCATALOG_COMPILER_APPICON_NAME = AppIcon;
				ASSETCATALOG_COMPILER_GLOBAL_ACCENT_COLOR_NAME = AccentColor;
				CODE_SIGN_STYLE = Automatic;
				CURRENT_PROJECT_VERSION = 1;
				DEVELOPMENT_TEAM = MH5QG79T87;
				GENERATE_INFOPLIST_FILE = YES;
				INFOPLIST_FILE = MEC/Info.plist;
				INFOPLIST_KEY_CFBundleDisplayName = Challenge;
				INFOPLIST_KEY_UIApplicationSupportsIndirectInputEvents = YES;
				INFOPLIST_KEY_UISupportedInterfaceOrientations_iPad = "UIInterfaceOrientationPortrait UIInterfaceOrientationPortraitUpsideDown UIInterfaceOrientationLandscapeLeft UIInterfaceOrientationLandscapeRight";
				INFOPLIST_KEY_UISupportedInterfaceOrientations_iPhone = "UIInterfaceOrientationPortrait UIInterfaceOrientationLandscapeLeft UIInterfaceOrientationLandscapeRight";
				LD_RUNPATH_SEARCH_PATHS = (
					"$(inherited)",
					"@executable_path/Frameworks",
				);
				MARKETING_VERSION = 1.0;
				PRODUCT_BUNDLE_IDENTIFIER = boris.mendoza.MEC;
				PRODUCT_NAME = "$(TARGET_NAME)";
				SWIFT_EMIT_LOC_STRINGS = YES;
				SWIFT_VERSION = 5.0;
				TARGETED_DEVICE_FAMILY = "1,2";
			};
			name = Release;
		};
/* End XCBuildConfiguration section */

/* Begin XCConfigurationList section */
		236BB1EA27EBD99200B0BE6C /* Build configuration list for PBXProject "MEC" */ = {
			isa = XCConfigurationList;
			buildConfigurations = (
				236BB20127EBD99300B0BE6C /* Debug */,
				236BB20227EBD99300B0BE6C /* Release */,
			);
			defaultConfigurationIsVisible = 0;
			defaultConfigurationName = Release;
		};
		236BB20327EBD99300B0BE6C /* Build configuration list for PBXNativeTarget "MEC" */ = {
			isa = XCConfigurationList;
			buildConfigurations = (
				236BB20427EBD99300B0BE6C /* Debug */,
				236BB20527EBD99300B0BE6C /* Release */,
			);
			defaultConfigurationIsVisible = 0;
			defaultConfigurationName = Release;
		};
/* End XCConfigurationList section */
	};
	rootObject = 236BB1E727EBD99200B0BE6C /* Project object */;
}
